
Microsoft Visual Studio Solution File, Format Version 12.00
# Visual Studio Version 16
VisualStudioVersion = 16.0.30907.101
MinimumVisualStudioVersion = 10.0.40219.1
Project("{FAE04EC0-301F-11D3-BF4B-00C04F79EFBC}") = "A9", "A9\A9.csproj", "{53B69E6B-4A3D-4252-B6FD-66C4D50B92D5}"
EndProject
Global
	GlobalSection(SolutionConfigurationPlatforms) = preSolution
		Debug|Any CPU = Debug|Any CPU
		Release|Any CPU = Release|Any CPU
	EndGlobalSection
	GlobalSection(ProjectConfigurationPlatforms) = postSolution
		{53B69E6B-4A3D-4252-B6FD-66C4D50B92D5}.Debug|Any CPU.ActiveCfg = Debug|Any CPU
		{53B69E6B-4A3D-4252-B6FD-66C4D50B92D5}.Debug|Any CPU.Build.0 = Debug|Any CPU
		{53B69E6B-4A3D-4252-B6FD-66C4D50B92D5}.Release|Any CPU.ActiveCfg = Release|Any CPU
		{53B69E6B-4A3D-4252-B6FD-66C4D50B92D5}.Release|Any CPU.Build.0 = Release|Any CPU
	EndGlobalSection
	GlobalSection(SolutionProperties) = preSolution
		HideSolutionNode = FALSE
	EndGlobalSection
	GlobalSection(ExtensibilityGlobals) = postSolution
		SolutionGuid = {89A630A4-316A-4286-A490-C435DD202309}
	EndGlobalSection
EndGlobal
